# This file was autogenerated by Stack.
# You should not edit this file by hand.
# For more information, please see the documentation at:
#   https://docs.haskellstack.org/en/stable/lock_files

packages:
- completed:
    hackage: validation-selective-0.0.0.0@sha256:2ac19379b98aa6db6285d4ff16bd47eab2421df2ca76141c570db740814ba832,3426
    pantry-tree:
      size: 564
      sha256: 86a7dc23ff65ab2cc3318046f02be6412dd91ae09598089efb7be915fdbc1638
  original:
    hackage: validation-selective-0.0.0.0
snapshots:
- completed:
    size: 491372
    url: https://raw.githubusercontent.com/commercialhaskell/stackage-snapshots/master/lts/15/5.yaml
    sha256: 1b549cfff328040c382a70a84a2087aac8dab6d778bf92f32a93a771a1980dfc
  original: lts-15.5
